// !$*UTF8*$!
{
	archiveVersion = 1;
	classes = {
	};
	objectVersion = 50;
	objects = {

/* Begin PBXBuildFile section */
		7F1F07092510908400D4AFFA /* AppDelegate.swift in Sources */ = {isa = PBXBuildFile; fileRef = 7F1F07082510908400D4AFFA /* AppDelegate.swift */; };
		7F1F070B2510908400D4AFFA /* SceneDelegate.swift in Sources */ = {isa = PBXBuildFile; fileRef = 7F1F070A2510908400D4AFFA /* SceneDelegate.swift */; };
		7F1F070D2510908400D4AFFA /* ContentView.swift in Sources */ = {isa = PBXBuildFile; fileRef = 7F1F070C2510908400D4AFFA /* ContentView.swift */; };
		7F1F070F2510908D00D4AFFA /* Assets.xcassets in Resources */ = {isa = PBXBuildFile; fileRef = 7F1F070E2510908D00D4AFFA /* Assets.xcassets */; };
		7F1F07122510908D00D4AFFA /* Preview Assets.xcassets in Resources */ = {isa = PBXBuildFile; fileRef = 7F1F07112510908D00D4AFFA /* Preview Assets.xcassets */; };
		7F1F07152510908D00D4AFFA /* LaunchScreen.storyboard in Resources */ = {isa = PBXBuildFile; fileRef = 7F1F07132510908D00D4AFFA /* LaunchScreen.storyboard */; };
/* End PBXBuildFile section */

/* Begin PBXFileReference section */
		7F1F07052510908400D4AFFA /* NotificationPOC16.app */ = {isa = PBXFileReference; explicitFileType = wrapper.application; includeInIndex = 0; path = NotificationPOC16.app; sourceTree = BUILT_PRODUCTS_DIR; };
		7F1F07082510908400D4AFFA /* AppDelegate.swift */ = {isa = PBXFileReference; lastKnownFileType = sourcecode.swift; path = AppDelegate.swift; sourceTree = "<group>"; };
		7F1F070A2510908400D4AFFA /* SceneDelegate.swift */ = {isa = PBXFileReference; lastKnownFileType = sourcecode.swift; path = SceneDelegate.swift; sourceTree = "<group>"; };
		7F1F070C2510908400D4AFFA /* ContentView.swift */ = {isa = PBXFileReference; lastKnownFileType = sourcecode.swift; path = ContentView.swift; sourceTree = "<group>"; };
		7F1F070E2510908D00D4AFFA /* Assets.xcassets */ = {isa = PBXFileReference; lastKnownFileType = folder.assetcatalog; path = Assets.xcassets; sourceTree = "<group>"; };
		7F1F07112510908D00D4AFFA /* Preview Assets.xcassets */ = {isa = PBXFileReference; lastKnownFileType = folder.assetcatalog; path = "Preview Assets.xcassets"; sourceTree = "<group>"; };
		7F1F07142510908D00D4AFFA /* Base */ = {isa = PBXFileReference; lastKnownFileType = file.storyboard; name = Base; path = Base.lproj/LaunchScreen.storyboard; sourceTree = "<group>"; };
		7F1F07162510908D00D4AFFA /* Info.plist */ = {isa = PBXFileReference; lastKnownFileType = text.plist.xml; path = Info.plist; sourceTree = "<group>"; };
/* End PBXFileReference section */

/* Begin PBXFrameworksBuildPhase section */
		7F1F07022510908400D4AFFA /* Frameworks */ = {
			isa = PBXFrameworksBuildPhase;
			buildActionMask = 2147483647;
			files = (
			);
			runOnlyForDeploymentPostprocessing = 0;
		};
/* End PBXFrameworksBuildPhase section */

/* Begin PBXGroup section */
		7F1F06FC2510908400D4AFFA = {
			isa = PBXGroup;
			children = (
				7F1F07072510908400D4AFFA /* NotificationPOC16 */,
				7F1F07062510908400D4AFFA /* Products */,
			);
			sourceTree = "<group>";
		};
		7F1F07062510908400D4AFFA /* Products */ = {
			isa = PBXGroup;
			children = (
				7F1F07052510908400D4AFFA /* NotificationPOC16.app */,
			);
			name = Products;
			sourceTree = "<group>";
		};
		7F1F07072510908400D4AFFA /* NotificationPOC16 */ = {
			isa = PBXGroup;
			children = (
				7F1F07082510908400D4AFFA /* AppDelegate.swift */,
				7F1F070A2510908400D4AFFA /* SceneDelegate.swift */,
				7F1F070C2510908400D4AFFA /* ContentView.swift */,
				7F1F070E2510908D00D4AFFA /* Assets.xcassets */,
				7F1F07132510908D00D4AFFA /* LaunchScreen.storyboard */,
				7F1F07162510908D00D4AFFA /* Info.plist */,
				7F1F07102510908D00D4AFFA /* Preview Content */,
			);
			path = NotificationPOC16;
			sourceTree = "<group>";
		};
		7F1F07102510908D00D4AFFA /* Preview Content */ = {
			isa = PBXGroup;
			children = (
				7F1F07112510908D00D4AFFA /* Preview Assets.xcassets */,
			);
			path = "Preview Content";
			sourceTree = "<group>";
		};
/* End PBXGroup section */

/* Begin PBXNativeTarget section */
		7F1F07042510908400D4AFFA /* NotificationPOC16 */ = {
			isa = PBXNativeTarget;
			buildConfigurationList = 7F1F07192510908D00D4AFFA /* Build configuration list for PBXNativeTarget "NotificationPOC16" */;
			buildPhases = (
				7F1F07012510908400D4AFFA /* Sources */,
				7F1F07022510908400D4AFFA /* Frameworks */,
				7F1F07032510908400D4AFFA /* Resources */,
			);
			buildRules = (
			);
			dependencies = (
			);
			name = NotificationPOC16;
			productName = NotificationPOC16;
			productReference = 7F1F07052510908400D4AFFA /* NotificationPOC16.app */;
			productType = "com.apple.product-type.application";
		};
/* End PBXNativeTarget section */

/* Begin PBXProject section */
		7F1F06FD2510908400D4AFFA /* Project object */ = {
			isa = PBXProject;
			attributes = {
				LastSwiftUpdateCheck = 1160;
				LastUpgradeCheck = 1160;
				ORGANIZATIONNAME = "G Kiran Kumar";
				TargetAttributes = {
					7F1F07042510908400D4AFFA = {
						CreatedOnToolsVersion = 11.6;
					};
				};
			};
			buildConfigurationList = 7F1F07002510908400D4AFFA /* Build configuration list for PBXProject "NotificationPOC16" */;
			compatibilityVersion = "Xcode 9.3";
			developmentRegion = en;
			hasScannedForEncodings = 0;
			knownRegions = (
				en,
				Base,
			);
			mainGroup = 7F1F06FC2510908400D4AFFA;
			productRefGroup = 7F1F07062510908400D4AFFA /* Products */;
			projectDirPath = "";
			projectRoot = "";
			targets = (
				7F1F07042510908400D4AFFA /* NotificationPOC16 */,
			);
		};
/* End PBXProject section */

/* Begin PBXResourcesBuildPhase section */
		7F1F07032510908400D4AFFA /* Resources */ = {
			isa = PBXResourcesBuildPhase;
			buildActionMask = 2147483647;
			files = (
				7F1F07152510908D00D4AFFA /* LaunchScreen.storyboard in Resources */,
				7F1F07122510908D00D4AFFA /* Preview Assets.xcassets in Resources */,
				7F1F070F2510908D00D4AFFA /* Assets.xcassets in Resources */,
			);
			runOnlyForDeploymentPostprocessing = 0;
		};
/* End PBXResourcesBuildPhase section */

/* Begin PBXSourcesBuildPhase section */
		7F1F07012510908400D4AFFA /* Sources */ = {
			isa = PBXSourcesBuildPhase;
			buildActionMask = 2147483647;
			files = (
				7F1F07092510908400D4AFFA /* AppDelegate.swift in Sources */,
				7F1F070B2510908400D4AFFA /* SceneDelegate.swift in Sources */,
				7F1F070D2510908400D4AFFA /* ContentView.swift in Sources */,
			);
			runOnlyForDeploymentPostprocessing = 0;
		};
/* End PBXSourcesBuildPhase section */

/* Begin PBXVariantGroup section */
		7F1F07132510908D00D4AFFA /* LaunchScreen.storyboard */ = {
			isa = PBXVariantGroup;
			children = (
				7F1F07142510908D00D4AFFA /* Base */,
			);
			name = LaunchScreen.storyboard;
			sourceTree = "<group>";
		};
/* End PBXVariantGroup section */

/* Begin XCBuildConfiguration section */
		7F1F07172510908D00D4AFFA /* Debug */ = {
			isa = XCBuildConfiguration;
			buildSettings = {
				ALWAYS_SEARCH_USER_PATHS = NO;
				CLANG_ANALYZER_NONNULL = YES;
				CLANG_ANALYZER_NUMBER_OBJECT_CONVERSION = YES_AGGRESSIVE;
				CLANG_CXX_LANGUAGE_STANDARD = "gnu++14";
				CLANG_CXX_LIBRARY = "libc++";
				CLANG_ENABLE_MODULES = YES;
				CLANG_ENABLE_OBJC_ARC = YES;
				CLANG_ENABLE_OBJC_WEAK = YES;
				CLANG_WARN_BLOCK_CAPTURE_AUTORELEASING = YES;
				CLANG_WARN_BOOL_CONVERSION = YES;
				CLANG_WARN_COMMA = YES;
				CLANG_WARN_CONSTANT_CONVERSION = YES;
				CLANG_WARN_DEPRECATED_OBJC_IMPLEMENTATIONS = YES;
				CLANG_WARN_DIRECT_OBJC_ISA_USAGE = YES_ERROR;
				CLANG_WARN_DOCUMENTATION_COMMENTS = YES;
				CLANG_WARN_EMPTY_BODY = YES;
				CLANG_WARN_ENUM_CONVERSION = YES;
				CLANG_WARN_INFINITE_RECURSION = YES;
				CLANG_WARN_INT_CONVERSION = YES;
				CLANG_WARN_NON_LITERAL_NULL_CONVERSION = YES;
				CLANG_WARN_OBJC_IMPLICIT_RETAIN_SELF = YES;
				CLANG_WARN_OBJC_LITERAL_CONVERSION = YES;
				CLANG_WARN_OBJC_ROOT_CLASS = YES_ERROR;
				CLANG_WARN_RANGE_LOOP_ANALYSIS = YES;
				CLANG_WARN_STRICT_PROTOTYPES = YES;
				CLANG_WARN_SUSPICIOUS_MOVE = YES;
				CLANG_WARN_UNGUARDED_AVAILABILITY = YES_AGGRESSIVE;
				CLANG_WARN_UNREACHABLE_CODE = YES;
				CLANG_WARN__DUPLICATE_METHOD_MATCH = YES;
				COPY_PHASE_STRIP = NO;
				DEBUG_INFORMATION_FORMAT = dwarf;
				ENABLE_STRICT_OBJC_MSGSEND = YES;
				ENABLE_TESTABILITY = YES;
				GCC_C_LANGUAGE_STANDARD = gnu11;
				GCC_DYNAMIC_NO_PIC = NO;
				GCC_NO_COMMON_BLOCKS = YES;
				GCC_OPTIMIZATION_LEVEL = 0;
				GCC_PREPROCESSOR_DEFINITIONS = (
					"DEBUG=1",
					"$(inherited)",
				);
				GCC_WARN_64_TO_32_BIT_CONVERSION = YES;
				GCC_WARN_ABOUT_RETURN_TYPE = YES_ERROR;
				GCC_WARN_UNDECLARED_SELECTOR = YES;
				GCC_WARN_UNINITIALIZED_AUTOS = YES_AGGRESSIVE;
				GCC_WARN_UNUSED_FUNCTION = YES;
				GCC_WARN_UNUSED_VARIABLE = YES;
				IPHONEOS_DEPLOYMENT_TARGET = 13.6;
				MTL_ENABLE_DEBUG_INFO = INCLUDE_SOURCE;
				MTL_FAST_MATH = YES;
				ONLY_ACTIVE_ARCH = YES;
				SDKROOT = iphoneos;
				SWIFT_ACTIVE_COMPILATION_CONDITIONS = DEBUG;
				SWIFT_OPTIMIZATION_LEVEL = "-Onone";
			};
			name = Debug;
		};
		7F1F07182510908D00D4AFFA /* Release */ = {
			isa = XCBuildConfiguration;
			buildSettings = {
				ALWAYS_SEARCH_USER_PATHS = NO;
				CLANG_ANALYZER_NONNULL = YES;
				CLANG_ANALYZER_NUMBER_OBJECT_CONVERSION = YES_AGGRESSIVE;
				CLANG_CXX_LANGUAGE_STANDARD = "gnu++14";
				CLANG_CXX_LIBRARY = "libc++";
				CLANG_ENABLE_MODULES = YES;
				CLANG_ENABLE_OBJC_ARC = YES;
				CLANG_ENABLE_OBJC_WEAK = YES;
				CLANG_WARN_BLOCK_CAPTURE_AUTORELEASING = YES;
				CLANG_WARN_BOOL_CONVERSION = YES;
				CLANG_WARN_COMMA = YES;
				CLANG_WARN_CONSTANT_CONVERSION = YES;
				CLANG_WARN_DEPRECATED_OBJC_IMPLEMENTATIONS = YES;
				CLANG_WARN_DIRECT_OBJC_ISA_USAGE = YES_ERROR;
				CLANG_WARN_DOCUMENTATION_COMMENTS = YES;
				CLANG_WARN_EMPTY_BODY = YES;
				CLANG_WARN_ENUM_CONVERSION = YES;
				CLANG_WARN_INFINITE_RECURSION = YES;
				CLANG_WARN_INT_CONVERSION = YES;
				CLANG_WARN_NON_LITERAL_NULL_CONVERSION = YES;
				CLANG_WARN_OBJC_IMPLICIT_RETAIN_SELF = YES;
				CLANG_WARN_OBJC_LITERAL_CONVERSION = YES;
				CLANG_WARN_OBJC_ROOT_CLASS = YES_ERROR;
				CLANG_WARN_RANGE_LOOP_ANALYSIS = YES;
				CLANG_WARN_STRICT_PROTOTYPES = YES;
				CLANG_WARN_SUSPICIOUS_MOVE = YES;
				CLANG_WARN_UNGUARDED_AVAILABILITY = YES_AGGRESSIVE;
				CLANG_WARN_UNREACHABLE_CODE = YES;
				CLANG_WARN__DUPLICATE_METHOD_MATCH = YES;
				COPY_PHASE_STRIP = NO;
				DEBUG_INFORMATION_FORMAT = "dwarf-with-dsym";
				ENABLE_NS_ASSERTIONS = NO;
				ENABLE_STRICT_OBJC_MSGSEND = YES;
				GCC_C_LANGUAGE_STANDARD = gnu11;
				GCC_NO_COMMON_BLOCKS = YES;
				GCC_WARN_64_TO_32_BIT_CONVERSION = YES;
				GCC_WARN_ABOUT_RETURN_TYPE = YES_ERROR;
				GCC_WARN_UNDECLARED_SELECTOR = YES;
				GCC_WARN_UNINITIALIZED_AUTOS = YES_AGGRESSIVE;
				GCC_WARN_UNUSED_FUNCTION = YES;
				GCC_WARN_UNUSED_VARIABLE = YES;
				IPHONEOS_DEPLOYMENT_TARGET = 13.6;
				MTL_ENABLE_DEBUG_INFO = NO;
				MTL_FAST_MATH = YES;
				SDKROOT = iphoneos;
				SWIFT_COMPILATION_MODE = wholemodule;
				SWIFT_OPTIMIZATION_LEVEL = "-O";
				VALIDATE_PRODUCT = YES;
			};
			name = Release;
		};
		7F1F071A2510908D00D4AFFA /* Debug */ = {
			isa = XCBuildConfiguration;
			buildSettings = {
				ASSETCATALOG_COMPILER_APPICON_NAME = AppIcon;
				CODE_SIGN_STYLE = Automatic;
				DEVELOPMENT_ASSET_PATHS = "\"NotificationPOC16/Preview Content\"";
				ENABLE_PREVIEWS = YES;
				INFOPLIST_FILE = NotificationPOC16/Info.plist;
				LD_RUNPATH_SEARCH_PATHS = (
					"$(inherited)",
					"@executable_path/Frameworks",
				);
				PRODUCT_BUNDLE_IDENTIFIER = Practice.NotificationPOC16;
				PRODUCT_NAME = "$(TARGET_NAME)";
				SWIFT_VERSION = 5.0;
				TARGETED_DEVICE_FAMILY = "1,2";
			};
			name = Debug;
		};
		7F1F071B2510908D00D4AFFA /* Release */ = {
			isa = XCBuildConfiguration;
			buildSettings = {
				ASSETCATALOG_COMPILER_APPICON_NAME = AppIcon;
				CODE_SIGN_STYLE = Automatic;
				DEVELOPMENT_ASSET_PATHS = "\"NotificationPOC16/Preview Content\"";
				ENABLE_PREVIEWS = YES;
				INFOPLIST_FILE = NotificationPOC16/Info.plist;
				LD_RUNPATH_SEARCH_PATHS = (
					"$(inherited)",
					"@executable_path/Frameworks",
				);
				PRODUCT_BUNDLE_IDENTIFIER = Practice.NotificationPOC16;
				PRODUCT_NAME = "$(TARGET_NAME)";
				SWIFT_VERSION = 5.0;
				TARGETED_DEVICE_FAMILY = "1,2";
			};
			name = Release;
		};
/* End XCBuildConfiguration section */

/* Begin XCConfigurationList section */
		7F1F07002510908400D4AFFA /* Build configuration list for PBXProject "NotificationPOC16" */ = {
			isa = XCConfigurationList;
			buildConfigurations = (
				7F1F07172510908D00D4AFFA /* Debug */,
				7F1F07182510908D00D4AFFA /* Release */,
			);
			defaultConfigurationIsVisible = 0;
			defaultConfigurationName = Release;
		};
		7F1F07192510908D00D4AFFA /* Build configuration list for PBXNativeTarget "NotificationPOC16" */ = {
			isa = XCConfigurationList;
			buildConfigurations = (
				7F1F071A2510908D00D4AFFA /* Debug */,
				7F1F071B2510908D00D4AFFA /* Release */,
			);
			defaultConfigurationIsVisible = 0;
			defaultConfigurationName = Release;
		};
/* End XCConfigurationList section */
	};
	rootObject = 7F1F06FD2510908400D4AFFA /* Project object */;
}
